
Microsoft Visual Studio Solution File, Format Version 12.00
# Visual Studio Version 16
VisualStudioVersion = 16.0.29519.87
MinimumVisualStudioVersion = 10.0.40219.1
Project("{9A19103F-16F7-4668-BE54-9A1E7A4F7556}") = "MusicMatch-Server", "MusicMatch-Server\MusicMatch-Server.csproj", "{3F1B15CB-3DA3-47E9-9889-A01832813907}"
EndProject
Project("{9A19103F-16F7-4668-BE54-9A1E7A4F7556}") = "SQLServer", "SQLServer\SQLServer.csproj", "{31349F63-EF6D-4E82-808E-B0336C95E3A8}"
EndProject
Project("{9A19103F-16F7-4668-BE54-9A1E7A4F7556}") = "Abstraction", "Abstraction\Abstraction.csproj", "{A36D2411-74AB-47B3-8E6F-8A355C3E34C5}"
EndProject
Project("{9A19103F-16F7-4668-BE54-9A1E7A4F7556}") = "MusicMatch-ServerTests", "MusicMatch-ServerTests\MusicMatch-ServerTests.csproj", "{B86469A3-DC39-47EC-B0F8-86475A239AAD}"
EndProject
Project("{FAE04EC0-301F-11D3-BF4B-00C04F79EFBC}") = "SQLServer-Tests", "SQLServer-Tests\SQLServer-Tests.csproj", "{93C96F69-E4EE-4A0F-802D-FE3B5A885DEE}"
EndProject
Global
	GlobalSection(SolutionConfigurationPlatforms) = preSolution
		Debug|Any CPU = Debug|Any CPU
		Release|Any CPU = Release|Any CPU
	EndGlobalSection
	GlobalSection(ProjectConfigurationPlatforms) = postSolution
		{3F1B15CB-3DA3-47E9-9889-A01832813907}.Debug|Any CPU.ActiveCfg = Debug|Any CPU
		{3F1B15CB-3DA3-47E9-9889-A01832813907}.Debug|Any CPU.Build.0 = Debug|Any CPU
		{3F1B15CB-3DA3-47E9-9889-A01832813907}.Release|Any CPU.ActiveCfg = Release|Any CPU
		{3F1B15CB-3DA3-47E9-9889-A01832813907}.Release|Any CPU.Build.0 = Release|Any CPU
		{31349F63-EF6D-4E82-808E-B0336C95E3A8}.Debug|Any CPU.ActiveCfg = Debug|Any CPU
		{31349F63-EF6D-4E82-808E-B0336C95E3A8}.Debug|Any CPU.Build.0 = Debug|Any CPU
		{31349F63-EF6D-4E82-808E-B0336C95E3A8}.Release|Any CPU.ActiveCfg = Release|Any CPU
		{31349F63-EF6D-4E82-808E-B0336C95E3A8}.Release|Any CPU.Build.0 = Release|Any CPU
		{A36D2411-74AB-47B3-8E6F-8A355C3E34C5}.Debug|Any CPU.ActiveCfg = Debug|Any CPU
		{A36D2411-74AB-47B3-8E6F-8A355C3E34C5}.Debug|Any CPU.Build.0 = Debug|Any CPU
		{A36D2411-74AB-47B3-8E6F-8A355C3E34C5}.Release|Any CPU.ActiveCfg = Release|Any CPU
		{A36D2411-74AB-47B3-8E6F-8A355C3E34C5}.Release|Any CPU.Build.0 = Release|Any CPU
		{B86469A3-DC39-47EC-B0F8-86475A239AAD}.Debug|Any CPU.ActiveCfg = Debug|Any CPU
		{B86469A3-DC39-47EC-B0F8-86475A239AAD}.Debug|Any CPU.Build.0 = Debug|Any CPU
		{B86469A3-DC39-47EC-B0F8-86475A239AAD}.Release|Any CPU.ActiveCfg = Release|Any CPU
		{B86469A3-DC39-47EC-B0F8-86475A239AAD}.Release|Any CPU.Build.0 = Release|Any CPU
		{93C96F69-E4EE-4A0F-802D-FE3B5A885DEE}.Debug|Any CPU.ActiveCfg = Debug|Any CPU
		{93C96F69-E4EE-4A0F-802D-FE3B5A885DEE}.Debug|Any CPU.Build.0 = Debug|Any CPU
		{93C96F69-E4EE-4A0F-802D-FE3B5A885DEE}.Release|Any CPU.ActiveCfg = Release|Any CPU
		{93C96F69-E4EE-4A0F-802D-FE3B5A885DEE}.Release|Any CPU.Build.0 = Release|Any CPU
	EndGlobalSection
	GlobalSection(SolutionProperties) = preSolution
		HideSolutionNode = FALSE
	EndGlobalSection
	GlobalSection(ExtensibilityGlobals) = postSolution
		SolutionGuid = {330A79B1-0C0C-4D97-991B-0B0182EA6769}
	EndGlobalSection
EndGlobal
